{
  "name": "331-lab07",
  "lockfileVersion": 3,
  "requires": true,
  "packages": {
    "": {
      "dependencies": {
        "vue-media-upload": "^2.2.4"
      }
    },
    "node_modules/vue-media-upload": {
      "version": "2.2.4",
      "resolved": "https://registry.npmjs.org/vue-media-upload/-/vue-media-upload-2.2.4.tgz",
      "integrity": "sha512-UkVCvsrMC/ByNMuTl0CwhTCAeUskaqIK9awM6zAuvYRbmxvdus7aw3+mfVw0HGaV945ERw9hxe2++K4CRk8fcQ==",
      "license": "MIT"
    }
  }
}
